
Microsoft Visual Studio Solution File, Format Version 12.00
# Visual Studio Version 17
VisualStudioVersion = 17.7.34221.43
MinimumVisualStudioVersion = 10.0.40219.1
Project("{FAE04EC0-301F-11D3-BF4B-00C04F79EFBC}") = "IntrodictionTo.Net", "IntrodictionTo.Net\IntrodictionTo.Net.csproj", "{AC496BAD-566D-4927-8177-3BFD24905568}"
EndProject
Project("{FAE04EC0-301F-11D3-BF4B-00C04F79EFBC}") = "DataTypes", "DataTypes\DataTypes.csproj", "{29550D25-417F-4441-A99C-63393AB743DC}"
EndProject
Project("{FAE04EC0-301F-11D3-BF4B-00C04F79EFBC}") = "Arrays", "Arrays\Arrays.csproj", "{E250AD0E-B74D-49FE-84A1-E1DA6358BE00}"
EndProject
Project("{FAE04EC0-301F-11D3-BF4B-00C04F79EFBC}") = "Homework", "Homework\Homework.csproj", "{503492A8-CBEC-4B34-8A93-6CE627309F42}"
EndProject
Project("{FAE04EC0-301F-11D3-BF4B-00C04F79EFBC}") = "Calculator", "Calculator\Calculator.csproj", "{C3BFF36C-70A7-4D74-9E57-925B53F18A4A}"
EndProject
Global
	GlobalSection(SolutionConfigurationPlatforms) = preSolution
		Debug|Any CPU = Debug|Any CPU
		Release|Any CPU = Release|Any CPU
	EndGlobalSection
	GlobalSection(ProjectConfigurationPlatforms) = postSolution
		{AC496BAD-566D-4927-8177-3BFD24905568}.Debug|Any CPU.ActiveCfg = Debug|Any CPU
		{AC496BAD-566D-4927-8177-3BFD24905568}.Debug|Any CPU.Build.0 = Debug|Any CPU
		{AC496BAD-566D-4927-8177-3BFD24905568}.Release|Any CPU.ActiveCfg = Release|Any CPU
		{AC496BAD-566D-4927-8177-3BFD24905568}.Release|Any CPU.Build.0 = Release|Any CPU
		{29550D25-417F-4441-A99C-63393AB743DC}.Debug|Any CPU.ActiveCfg = Debug|Any CPU
		{29550D25-417F-4441-A99C-63393AB743DC}.Debug|Any CPU.Build.0 = Debug|Any CPU
		{29550D25-417F-4441-A99C-63393AB743DC}.Release|Any CPU.ActiveCfg = Release|Any CPU
		{29550D25-417F-4441-A99C-63393AB743DC}.Release|Any CPU.Build.0 = Release|Any CPU
		{E250AD0E-B74D-49FE-84A1-E1DA6358BE00}.Debug|Any CPU.ActiveCfg = Debug|Any CPU
		{E250AD0E-B74D-49FE-84A1-E1DA6358BE00}.Debug|Any CPU.Build.0 = Debug|Any CPU
		{E250AD0E-B74D-49FE-84A1-E1DA6358BE00}.Release|Any CPU.ActiveCfg = Release|Any CPU
		{E250AD0E-B74D-49FE-84A1-E1DA6358BE00}.Release|Any CPU.Build.0 = Release|Any CPU
		{503492A8-CBEC-4B34-8A93-6CE627309F42}.Debug|Any CPU.ActiveCfg = Debug|Any CPU
		{503492A8-CBEC-4B34-8A93-6CE627309F42}.Debug|Any CPU.Build.0 = Debug|Any CPU
		{503492A8-CBEC-4B34-8A93-6CE627309F42}.Release|Any CPU.ActiveCfg = Release|Any CPU
		{503492A8-CBEC-4B34-8A93-6CE627309F42}.Release|Any CPU.Build.0 = Release|Any CPU
		{C3BFF36C-70A7-4D74-9E57-925B53F18A4A}.Debug|Any CPU.ActiveCfg = Debug|Any CPU
		{C3BFF36C-70A7-4D74-9E57-925B53F18A4A}.Debug|Any CPU.Build.0 = Debug|Any CPU
		{C3BFF36C-70A7-4D74-9E57-925B53F18A4A}.Release|Any CPU.ActiveCfg = Release|Any CPU
		{C3BFF36C-70A7-4D74-9E57-925B53F18A4A}.Release|Any CPU.Build.0 = Release|Any CPU
	EndGlobalSection
	GlobalSection(SolutionProperties) = preSolution
		HideSolutionNode = FALSE
	EndGlobalSection
	GlobalSection(ExtensibilityGlobals) = postSolution
		SolutionGuid = {F6654EB5-42E5-46FA-8138-2BC90B115A6F}
	EndGlobalSection
EndGlobal
